
Microsoft Visual Studio Solution File, Format Version 12.00
# Visual Studio Version 17
VisualStudioVersion = 17.5.33530.505
MinimumVisualStudioVersion = 10.0.40219.1
Project("{2150E333-8FDC-42A3-9474-1A3956D46DE8}") = "src", "src", "{6E3B8D64-DBD1-4B83-8517-810ECEE76284}"
EndProject
Project("{FAE04EC0-301F-11D3-BF4B-00C04F79EFBC}") = "VpkUtils.App", "src\VpkUtils.App\VpkUtils.App.csproj", "{39CA8C4D-E61E-49EC-BF31-7ED1D67F6688}"
EndProject
Global
	GlobalSection(SolutionProperties) = preSolution
		HideSolutionNode = FALSE
	EndGlobalSection
	GlobalSection(ExtensibilityGlobals) = postSolution
		SolutionGuid = {83292F0F-D630-4F7E-AE57-F0ED331266F8}
	EndGlobalSection
	GlobalSection(SolutionConfigurationPlatforms) = preSolution
		Debug|Any CPU = Debug|Any CPU
		Debug|x64 = Debug|x64
		Debug|x86 = Debug|x86
		Release|Any CPU = Release|Any CPU
		Release|x64 = Release|x64
		Release|x86 = Release|x86
	EndGlobalSection
	GlobalSection(ProjectConfigurationPlatforms) = postSolution
		{39CA8C4D-E61E-49EC-BF31-7ED1D67F6688}.Debug|Any CPU.ActiveCfg = Debug|Any CPU
		{39CA8C4D-E61E-49EC-BF31-7ED1D67F6688}.Debug|Any CPU.Build.0 = Debug|Any CPU
		{39CA8C4D-E61E-49EC-BF31-7ED1D67F6688}.Debug|x64.ActiveCfg = Debug|Any CPU
		{39CA8C4D-E61E-49EC-BF31-7ED1D67F6688}.Debug|x64.Build.0 = Debug|Any CPU
		{39CA8C4D-E61E-49EC-BF31-7ED1D67F6688}.Debug|x86.ActiveCfg = Debug|Any CPU
		{39CA8C4D-E61E-49EC-BF31-7ED1D67F6688}.Debug|x86.Build.0 = Debug|Any CPU
		{39CA8C4D-E61E-49EC-BF31-7ED1D67F6688}.Release|Any CPU.ActiveCfg = Release|Any CPU
		{39CA8C4D-E61E-49EC-BF31-7ED1D67F6688}.Release|Any CPU.Build.0 = Release|Any CPU
		{39CA8C4D-E61E-49EC-BF31-7ED1D67F6688}.Release|x64.ActiveCfg = Release|Any CPU
		{39CA8C4D-E61E-49EC-BF31-7ED1D67F6688}.Release|x64.Build.0 = Release|Any CPU
		{39CA8C4D-E61E-49EC-BF31-7ED1D67F6688}.Release|x86.ActiveCfg = Release|Any CPU
		{39CA8C4D-E61E-49EC-BF31-7ED1D67F6688}.Release|x86.Build.0 = Release|Any CPU
	EndGlobalSection
	GlobalSection(NestedProjects) = preSolution
		{39CA8C4D-E61E-49EC-BF31-7ED1D67F6688} = {6E3B8D64-DBD1-4B83-8517-810ECEE76284}
	EndGlobalSection
EndGlobal
